
Microsoft Visual Studio Solution File, Format Version 12.00
# Visual Studio Version 17
VisualStudioVersion = 17.2.32616.157
MinimumVisualStudioVersion = 10.0.40219.1
Project("{FAE04EC0-301F-11D3-BF4B-00C04F79EFBC}") = "ClinicaAppWeb", "ClinicaAppWeb\ClinicaAppWeb.csproj", "{8DE6514B-FA1E-4E77-ACBA-C81D8B438EA1}"
	ProjectSection(ProjectDependencies) = postProject
		{0693A9AC-610B-4253-B038-BB50A3E59683} = {0693A9AC-610B-4253-B038-BB50A3E59683}
	EndProjectSection
EndProject
Project("{FAE04EC0-301F-11D3-BF4B-00C04F79EFBC}") = "CapaDatos", "CapaDatos\CapaDatos.csproj", "{DE226C67-93B6-43DA-807B-27AFF45859DE}"
EndProject
Project("{FAE04EC0-301F-11D3-BF4B-00C04F79EFBC}") = "CapaEntidad", "CapaEntidad\CapaEntidad.csproj", "{B5986DE2-483D-442F-ACBC-D81F1677CAEC}"
EndProject
Project("{FAE04EC0-301F-11D3-BF4B-00C04F79EFBC}") = "CapaNegocio", "CapaNegocio\CapaNegocio.csproj", "{0693A9AC-610B-4253-B038-BB50A3E59683}"
EndProject
Global
	GlobalSection(SolutionConfigurationPlatforms) = preSolution
		Debug|Any CPU = Debug|Any CPU
		Release|Any CPU = Release|Any CPU
	EndGlobalSection
	GlobalSection(ProjectConfigurationPlatforms) = postSolution
		{8DE6514B-FA1E-4E77-ACBA-C81D8B438EA1}.Debug|Any CPU.ActiveCfg = Debug|Any CPU
		{8DE6514B-FA1E-4E77-ACBA-C81D8B438EA1}.Debug|Any CPU.Build.0 = Debug|Any CPU
		{8DE6514B-FA1E-4E77-ACBA-C81D8B438EA1}.Release|Any CPU.ActiveCfg = Release|Any CPU
		{8DE6514B-FA1E-4E77-ACBA-C81D8B438EA1}.Release|Any CPU.Build.0 = Release|Any CPU
		{DE226C67-93B6-43DA-807B-27AFF45859DE}.Debug|Any CPU.ActiveCfg = Debug|Any CPU
		{DE226C67-93B6-43DA-807B-27AFF45859DE}.Debug|Any CPU.Build.0 = Debug|Any CPU
		{DE226C67-93B6-43DA-807B-27AFF45859DE}.Release|Any CPU.ActiveCfg = Release|Any CPU
		{DE226C67-93B6-43DA-807B-27AFF45859DE}.Release|Any CPU.Build.0 = Release|Any CPU
		{B5986DE2-483D-442F-ACBC-D81F1677CAEC}.Debug|Any CPU.ActiveCfg = Debug|Any CPU
		{B5986DE2-483D-442F-ACBC-D81F1677CAEC}.Debug|Any CPU.Build.0 = Debug|Any CPU
		{B5986DE2-483D-442F-ACBC-D81F1677CAEC}.Release|Any CPU.ActiveCfg = Release|Any CPU
		{B5986DE2-483D-442F-ACBC-D81F1677CAEC}.Release|Any CPU.Build.0 = Release|Any CPU
		{0693A9AC-610B-4253-B038-BB50A3E59683}.Debug|Any CPU.ActiveCfg = Debug|Any CPU
		{0693A9AC-610B-4253-B038-BB50A3E59683}.Debug|Any CPU.Build.0 = Debug|Any CPU
		{0693A9AC-610B-4253-B038-BB50A3E59683}.Release|Any CPU.ActiveCfg = Release|Any CPU
		{0693A9AC-610B-4253-B038-BB50A3E59683}.Release|Any CPU.Build.0 = Release|Any CPU
	EndGlobalSection
	GlobalSection(SolutionProperties) = preSolution
		HideSolutionNode = FALSE
	EndGlobalSection
	GlobalSection(ExtensibilityGlobals) = postSolution
		SolutionGuid = {D0FAF30A-D1E1-4D8D-8106-C4C09CFEC122}
	EndGlobalSection
EndGlobal
